
Microsoft Visual Studio Solution File, Format Version 12.00
# Visual Studio 15
VisualStudioVersion = 15.0.28010.2026
MinimumVisualStudioVersion = 10.0.40219.1
Project("{FAE04EC0-301F-11D3-BF4B-00C04F79EFBC}") = "Project_ISI", "Project_ISI\Project_ISI.csproj", "{2A823A61-99BC-4BCB-8DE9-2B2C766B435D}"
EndProject
Global
	GlobalSection(SolutionConfigurationPlatforms) = preSolution
		Debug|Any CPU = Debug|Any CPU
		Release|Any CPU = Release|Any CPU
	EndGlobalSection
	GlobalSection(ProjectConfigurationPlatforms) = postSolution
		{2A823A61-99BC-4BCB-8DE9-2B2C766B435D}.Debug|Any CPU.ActiveCfg = Debug|Any CPU
		{2A823A61-99BC-4BCB-8DE9-2B2C766B435D}.Debug|Any CPU.Build.0 = Debug|Any CPU
		{2A823A61-99BC-4BCB-8DE9-2B2C766B435D}.Release|Any CPU.ActiveCfg = Release|Any CPU
		{2A823A61-99BC-4BCB-8DE9-2B2C766B435D}.Release|Any CPU.Build.0 = Release|Any CPU
	EndGlobalSection
	GlobalSection(SolutionProperties) = preSolution
		HideSolutionNode = FALSE
	EndGlobalSection
	GlobalSection(ExtensibilityGlobals) = postSolution
		SolutionGuid = {7BB9D145-8533-4EA0-9C3B-FB9A6582A0CC}
	EndGlobalSection
EndGlobal
